
Microsoft Visual Studio Solution File, Format Version 12.00
# Visual Studio Version 16
VisualStudioVersion = 16.0.31112.23
MinimumVisualStudioVersion = 10.0.40219.1
Project("{9A19103F-16F7-4668-BE54-9A1E7A4F7556}") = "PermissionRequestX.Api", "PermissionRequestX\PermissionRequestX.Api.csproj", "{688676DE-4818-49EE-B431-876205F09DBE}"
EndProject
Project("{9A19103F-16F7-4668-BE54-9A1E7A4F7556}") = "RequestPermission.Core", "PermissionRequestX.Core\RequestPermission.Core\RequestPermission.Core.csproj", "{1372CC36-D13F-40B7-890A-A67D3FFE992B}"
EndProject
Global
	GlobalSection(SolutionConfigurationPlatforms) = preSolution
		Debug|Any CPU = Debug|Any CPU
		Release|Any CPU = Release|Any CPU
	EndGlobalSection
	GlobalSection(ProjectConfigurationPlatforms) = postSolution
		{688676DE-4818-49EE-B431-876205F09DBE}.Debug|Any CPU.ActiveCfg = Debug|Any CPU
		{688676DE-4818-49EE-B431-876205F09DBE}.Debug|Any CPU.Build.0 = Debug|Any CPU
		{688676DE-4818-49EE-B431-876205F09DBE}.Release|Any CPU.ActiveCfg = Release|Any CPU
		{688676DE-4818-49EE-B431-876205F09DBE}.Release|Any CPU.Build.0 = Release|Any CPU
		{1372CC36-D13F-40B7-890A-A67D3FFE992B}.Debug|Any CPU.ActiveCfg = Debug|Any CPU
		{1372CC36-D13F-40B7-890A-A67D3FFE992B}.Debug|Any CPU.Build.0 = Debug|Any CPU
		{1372CC36-D13F-40B7-890A-A67D3FFE992B}.Release|Any CPU.ActiveCfg = Release|Any CPU
		{1372CC36-D13F-40B7-890A-A67D3FFE992B}.Release|Any CPU.Build.0 = Release|Any CPU
	EndGlobalSection
	GlobalSection(SolutionProperties) = preSolution
		HideSolutionNode = FALSE
	EndGlobalSection
	GlobalSection(ExtensibilityGlobals) = postSolution
		SolutionGuid = {EF69572F-C848-407F-A8A0-A1AD65BB194F}
	EndGlobalSection
EndGlobal
